
Microsoft Visual Studio Solution File, Format Version 12.00
# Visual Studio Version 16
VisualStudioVersion = 16.0.30523.141
MinimumVisualStudioVersion = 10.0.40219.1
Project("{FAE04EC0-301F-11D3-BF4B-00C04F79EFBC}") = "MidTermProj", "MidTermProj.csproj", "{3E132836-8536-419A-848B-F473D15BA41F}"
EndProject
Global
	GlobalSection(SolutionConfigurationPlatforms) = preSolution
		Debug|Any CPU = Debug|Any CPU
		Release|Any CPU = Release|Any CPU
	EndGlobalSection
	GlobalSection(ProjectConfigurationPlatforms) = postSolution
		{3E132836-8536-419A-848B-F473D15BA41F}.Debug|Any CPU.ActiveCfg = Debug|Any CPU
		{3E132836-8536-419A-848B-F473D15BA41F}.Debug|Any CPU.Build.0 = Debug|Any CPU
		{3E132836-8536-419A-848B-F473D15BA41F}.Release|Any CPU.ActiveCfg = Release|Any CPU
		{3E132836-8536-419A-848B-F473D15BA41F}.Release|Any CPU.Build.0 = Release|Any CPU
	EndGlobalSection
	GlobalSection(SolutionProperties) = preSolution
		HideSolutionNode = FALSE
	EndGlobalSection
	GlobalSection(ExtensibilityGlobals) = postSolution
		SolutionGuid = {AEED6426-4E5B-4411-A892-BC53365B78FF}
	EndGlobalSection
EndGlobal
